// !$*UTF8*$!
{
	archiveVersion = 1;
	classes = {
	};
	objectVersion = 52;
	objects = {

/* Begin PBXBuildFile section */
		1824CA392467098800267D5F /* Utility.swift in Sources */ = {isa = PBXBuildFile; fileRef = 1824CA382467098800267D5F /* Utility.swift */; };
		1824CA3F2467CCE100267D5F /* CommentView.swift in Sources */ = {isa = PBXBuildFile; fileRef = 1824CA3E2467CCE100267D5F /* CommentView.swift */; };
		1824CA482469A67700267D5F /* ComicInfo.swift in Sources */ = {isa = PBXBuildFile; fileRef = 1824CA472469A67700267D5F /* ComicInfo.swift */; };
		1824CA81246D162E00267D5F /* MapLine.swift in Sources */ = {isa = PBXBuildFile; fileRef = 1824CA80246D162E00267D5F /* MapLine.swift */; };
		1824CA83246D43F800267D5F /* Users.swift in Sources */ = {isa = PBXBuildFile; fileRef = 1824CA82246D43F800267D5F /* Users.swift */; };
		1824CA86246D543A00267D5F /* Constants.swift in Sources */ = {isa = PBXBuildFile; fileRef = 1824CA85246D543A00267D5F /* Constants.swift */; };
		1824CA88246D546E00267D5F /* DebugView.swift in Sources */ = {isa = PBXBuildFile; fileRef = 1824CA87246D546E00267D5F /* DebugView.swift */; };
		1824CA8A246D54F100267D5F /* ARMainView.swift in Sources */ = {isa = PBXBuildFile; fileRef = 1824CA89246D54F100267D5F /* ARMainView.swift */; };
		1824CA8C246D551500267D5F /* NotificationsView.swift in Sources */ = {isa = PBXBuildFile; fileRef = 1824CA8B246D551500267D5F /* NotificationsView.swift */; };
		1824CA8E246D552D00267D5F /* UserView.swift in Sources */ = {isa = PBXBuildFile; fileRef = 1824CA8D246D552D00267D5F /* UserView.swift */; };
		1824CA90246D656300267D5F /* CommentInfo.swift in Sources */ = {isa = PBXBuildFile; fileRef = 1824CA8F246D656300267D5F /* CommentInfo.swift */; };
		1824CA99246E200900267D5F /* SpecifiedUserComicsList.swift in Sources */ = {isa = PBXBuildFile; fileRef = 1824CA98246E200900267D5F /* SpecifiedUserComicsList.swift */; };
		1848D1A02459E02800592B76 /* UserInfo.swift in Sources */ = {isa = PBXBuildFile; fileRef = 1848D19F2459E02800592B76 /* UserInfo.swift */; };
		1848D1A2245B207D00592B76 /* Follows.swift in Sources */ = {isa = PBXBuildFile; fileRef = 1848D1A1245B207D00592B76 /* Follows.swift */; };
		18977B9624FBAF9B00F4207D /* UserInformations.swift in Sources */ = {isa = PBXBuildFile; fileRef = 18977B9524FBAF9B00F4207D /* UserInformations.swift */; };
		18AC28B124F562FA004BA262 /* DeleteComic.swift in Sources */ = {isa = PBXBuildFile; fileRef = 18AC28B024F562FA004BA262 /* DeleteComic.swift */; };
		18AC28B324F564A8004BA262 /* ComicInformations.swift in Sources */ = {isa = PBXBuildFile; fileRef = 18AC28B224F564A8004BA262 /* ComicInformations.swift */; };
		18B6FAFE245B2A4F005AE556 /* Follow.swift in Sources */ = {isa = PBXBuildFile; fileRef = 18B6FAFD245B2A4F005AE556 /* Follow.swift */; };
		18B6FB00245B390E005AE556 /* Followers.swift in Sources */ = {isa = PBXBuildFile; fileRef = 18B6FAFF245B390E005AE556 /* Followers.swift */; };
		18B6FB02245C4D59005AE556 /* ComicDetail.swift in Sources */ = {isa = PBXBuildFile; fileRef = 18B6FB01245C4D59005AE556 /* ComicDetail.swift */; };
		18CDE222246F7C9A00239C84 /* MainView.swift in Sources */ = {isa = PBXBuildFile; fileRef = 18CDE221246F7C9A00239C84 /* MainView.swift */; };
		18CDE224246F7F0400239C84 /* Logout.swift in Sources */ = {isa = PBXBuildFile; fileRef = 18CDE223246F7F0400239C84 /* Logout.swift */; };
		18D28ECA24EF858300BDEF49 /* NearComicsList.swift in Sources */ = {isa = PBXBuildFile; fileRef = 18D28EC924EF858300BDEF49 /* NearComicsList.swift */; };
		18D6BB1B24567758003EBA1E /* AppDelegate.swift in Sources */ = {isa = PBXBuildFile; fileRef = 18D6BB1A24567758003EBA1E /* AppDelegate.swift */; };
		18D6BB1D24567758003EBA1E /* SceneDelegate.swift in Sources */ = {isa = PBXBuildFile; fileRef = 18D6BB1C24567758003EBA1E /* SceneDelegate.swift */; };
		18D6BB1F24567758003EBA1E /* ContentView.swift in Sources */ = {isa = PBXBuildFile; fileRef = 18D6BB1E24567758003EBA1E /* ContentView.swift */; };
		18D6BB212456775D003EBA1E /* Assets.xcassets in Resources */ = {isa = PBXBuildFile; fileRef = 18D6BB202456775D003EBA1E /* Assets.xcassets */; };
		18D6BB242456775D003EBA1E /* Preview Assets.xcassets in Resources */ = {isa = PBXBuildFile; fileRef = 18D6BB232456775D003EBA1E /* Preview Assets.xcassets */; };
		18D6BB272456775D003EBA1E /* LaunchScreen.storyboard in Resources */ = {isa = PBXBuildFile; fileRef = 18D6BB252456775D003EBA1E /* LaunchScreen.storyboard */; };
		18D6BB30245677FA003EBA1E /* Struct.swift in Sources */ = {isa = PBXBuildFile; fileRef = 18D6BB2F245677FA003EBA1E /* Struct.swift */; };
		18D6BB3224567825003EBA1E /* APIRequest.swift in Sources */ = {isa = PBXBuildFile; fileRef = 18D6BB3124567825003EBA1E /* APIRequest.swift */; };
		18D6BB3424567848003EBA1E /* KeyChain.swift in Sources */ = {isa = PBXBuildFile; fileRef = 18D6BB3324567848003EBA1E /* KeyChain.swift */; };
		18D6BB3624567875003EBA1E /* ComicAnnotation.swift in Sources */ = {isa = PBXBuildFile; fileRef = 18D6BB3524567875003EBA1E /* ComicAnnotation.swift */; };
		18D6BB3924567892003EBA1E /* Register.swift in Sources */ = {isa = PBXBuildFile; fileRef = 18D6BB3824567892003EBA1E /* Register.swift */; };
		18D6BB3B245678AE003EBA1E /* Login.swift in Sources */ = {isa = PBXBuildFile; fileRef = 18D6BB3A245678AE003EBA1E /* Login.swift */; };
		18D6BB3D245678CA003EBA1E /* UsersList.swift in Sources */ = {isa = PBXBuildFile; fileRef = 18D6BB3C245678CA003EBA1E /* UsersList.swift */; };
		18D6BB3F245678EC003EBA1E /* ComicsList.swift in Sources */ = {isa = PBXBuildFile; fileRef = 18D6BB3E245678EC003EBA1E /* ComicsList.swift */; };
		18D6BB4124567904003EBA1E /* MapView.swift in Sources */ = {isa = PBXBuildFile; fileRef = 18D6BB4024567904003EBA1E /* MapView.swift */; };
		18D6BB4424567930003EBA1E /* Coordinator.swift in Sources */ = {isa = PBXBuildFile; fileRef = 18D6BB4324567930003EBA1E /* Coordinator.swift */; };
		18D6BB4724567953003EBA1E /* LocationManager.swift in Sources */ = {isa = PBXBuildFile; fileRef = 18D6BB4624567953003EBA1E /* LocationManager.swift */; };
		18D6BB4A245679C7003EBA1E /* KeychainAccess in Frameworks */ = {isa = PBXBuildFile; productRef = 18D6BB49245679C7003EBA1E /* KeychainAccess */; };
		18D6BB4E2456C59C003EBA1E /* Post.swift in Sources */ = {isa = PBXBuildFile; fileRef = 18D6BB4D2456C59C003EBA1E /* Post.swift */; };
		18D6BB5024586B63003EBA1E /* SpecifiedUser.swift in Sources */ = {isa = PBXBuildFile; fileRef = 18D6BB4F24586B63003EBA1E /* SpecifiedUser.swift */; };
/* End PBXBuildFile section */

/* Begin PBXFileReference section */
		1824CA382467098800267D5F /* Utility.swift */ = {isa = PBXFileReference; lastKnownFileType = sourcecode.swift; path = Utility.swift; sourceTree = "<group>"; };
		1824CA3E2467CCE100267D5F /* CommentView.swift */ = {isa = PBXFileReference; lastKnownFileType = sourcecode.swift; path = CommentView.swift; sourceTree = "<group>"; };
		1824CA472469A67700267D5F /* ComicInfo.swift */ = {isa = PBXFileReference; lastKnownFileType = sourcecode.swift; path = ComicInfo.swift; sourceTree = "<group>"; };
		1824CA80246D162E00267D5F /* MapLine.swift */ = {isa = PBXFileReference; lastKnownFileType = sourcecode.swift; path = MapLine.swift; sourceTree = "<group>"; };
		1824CA82246D43F800267D5F /* Users.swift */ = {isa = PBXFileReference; lastKnownFileType = sourcecode.swift; path = Users.swift; sourceTree = "<group>"; };
		1824CA85246D543A00267D5F /* Constants.swift */ = {isa = PBXFileReference; lastKnownFileType = sourcecode.swift; path = Constants.swift; sourceTree = "<group>"; };
		1824CA87246D546E00267D5F /* DebugView.swift */ = {isa = PBXFileReference; lastKnownFileType = sourcecode.swift; path = DebugView.swift; sourceTree = "<group>"; };
		1824CA89246D54F100267D5F /* ARMainView.swift */ = {isa = PBXFileReference; lastKnownFileType = sourcecode.swift; path = ARMainView.swift; sourceTree = "<group>"; };
		1824CA8B246D551500267D5F /* NotificationsView.swift */ = {isa = PBXFileReference; lastKnownFileType = sourcecode.swift; path = NotificationsView.swift; sourceTree = "<group>"; };
		1824CA8D246D552D00267D5F /* UserView.swift */ = {isa = PBXFileReference; lastKnownFileType = sourcecode.swift; path = UserView.swift; sourceTree = "<group>"; };
		1824CA8F246D656300267D5F /* CommentInfo.swift */ = {isa = PBXFileReference; lastKnownFileType = sourcecode.swift; path = CommentInfo.swift; sourceTree = "<group>"; };
		1824CA98246E200900267D5F /* SpecifiedUserComicsList.swift */ = {isa = PBXFileReference; lastKnownFileType = sourcecode.swift; path = SpecifiedUserComicsList.swift; sourceTree = "<group>"; };
		1848D19F2459E02800592B76 /* UserInfo.swift */ = {isa = PBXFileReference; lastKnownFileType = sourcecode.swift; path = UserInfo.swift; sourceTree = "<group>"; };
		1848D1A1245B207D00592B76 /* Follows.swift */ = {isa = PBXFileReference; lastKnownFileType = sourcecode.swift; path = Follows.swift; sourceTree = "<group>"; };
		18977B9524FBAF9B00F4207D /* UserInformations.swift */ = {isa = PBXFileReference; lastKnownFileType = sourcecode.swift; path = UserInformations.swift; sourceTree = "<group>"; };
		18AC28B024F562FA004BA262 /* DeleteComic.swift */ = {isa = PBXFileReference; lastKnownFileType = sourcecode.swift; path = DeleteComic.swift; sourceTree = "<group>"; };
		18AC28B224F564A8004BA262 /* ComicInformations.swift */ = {isa = PBXFileReference; lastKnownFileType = sourcecode.swift; path = ComicInformations.swift; sourceTree = "<group>"; };
		18B6FAFD245B2A4F005AE556 /* Follow.swift */ = {isa = PBXFileReference; lastKnownFileType = sourcecode.swift; path = Follow.swift; sourceTree = "<group>"; };
		18B6FAFF245B390E005AE556 /* Followers.swift */ = {isa = PBXFileReference; lastKnownFileType = sourcecode.swift; path = Followers.swift; sourceTree = "<group>"; };
		18B6FB01245C4D59005AE556 /* ComicDetail.swift */ = {isa = PBXFileReference; lastKnownFileType = sourcecode.swift; path = ComicDetail.swift; sourceTree = "<group>"; };
		18CDE221246F7C9A00239C84 /* MainView.swift */ = {isa = PBXFileReference; lastKnownFileType = sourcecode.swift; path = MainView.swift; sourceTree = "<group>"; };
		18CDE223246F7F0400239C84 /* Logout.swift */ = {isa = PBXFileReference; lastKnownFileType = sourcecode.swift; path = Logout.swift; sourceTree = "<group>"; };
		18D28EC924EF858300BDEF49 /* NearComicsList.swift */ = {isa = PBXFileReference; lastKnownFileType = sourcecode.swift; path = NearComicsList.swift; sourceTree = "<group>"; };
		18D6BB1724567758003EBA1E /* locomi.app */ = {isa = PBXFileReference; explicitFileType = wrapper.application; includeInIndex = 0; path = locomi.app; sourceTree = BUILT_PRODUCTS_DIR; };
		18D6BB1A24567758003EBA1E /* AppDelegate.swift */ = {isa = PBXFileReference; lastKnownFileType = sourcecode.swift; path = AppDelegate.swift; sourceTree = "<group>"; };
		18D6BB1C24567758003EBA1E /* SceneDelegate.swift */ = {isa = PBXFileReference; lastKnownFileType = sourcecode.swift; path = SceneDelegate.swift; sourceTree = "<group>"; };
		18D6BB1E24567758003EBA1E /* ContentView.swift */ = {isa = PBXFileReference; lastKnownFileType = sourcecode.swift; path = ContentView.swift; sourceTree = "<group>"; };
		18D6BB202456775D003EBA1E /* Assets.xcassets */ = {isa = PBXFileReference; lastKnownFileType = folder.assetcatalog; path = Assets.xcassets; sourceTree = "<group>"; };
		18D6BB232456775D003EBA1E /* Preview Assets.xcassets */ = {isa = PBXFileReference; lastKnownFileType = folder.assetcatalog; path = "Preview Assets.xcassets"; sourceTree = "<group>"; };
		18D6BB262456775D003EBA1E /* Base */ = {isa = PBXFileReference; lastKnownFileType = file.storyboard; name = Base; path = Base.lproj/LaunchScreen.storyboard; sourceTree = "<group>"; };
		18D6BB282456775D003EBA1E /* Info.plist */ = {isa = PBXFileReference; lastKnownFileType = text.plist.xml; path = Info.plist; sourceTree = "<group>"; };
		18D6BB2F245677FA003EBA1E /* Struct.swift */ = {isa = PBXFileReference; lastKnownFileType = sourcecode.swift; path = Struct.swift; sourceTree = "<group>"; };
		18D6BB3124567825003EBA1E /* APIRequest.swift */ = {isa = PBXFileReference; lastKnownFileType = sourcecode.swift; path = APIRequest.swift; sourceTree = "<group>"; };
		18D6BB3324567848003EBA1E /* KeyChain.swift */ = {isa = PBXFileReference; lastKnownFileType = sourcecode.swift; path = KeyChain.swift; sourceTree = "<group>"; };
		18D6BB3524567875003EBA1E /* ComicAnnotation.swift */ = {isa = PBXFileReference; lastKnownFileType = sourcecode.swift; path = ComicAnnotation.swift; sourceTree = "<group>"; };
		18D6BB3824567892003EBA1E /* Register.swift */ = {isa = PBXFileReference; lastKnownFileType = sourcecode.swift; path = Register.swift; sourceTree = "<group>"; };
		18D6BB3A245678AE003EBA1E /* Login.swift */ = {isa = PBXFileReference; lastKnownFileType = sourcecode.swift; path = Login.swift; sourceTree = "<group>"; };
		18D6BB3C245678CA003EBA1E /* UsersList.swift */ = {isa = PBXFileReference; lastKnownFileType = sourcecode.swift; path = UsersList.swift; sourceTree = "<group>"; };
		18D6BB3E245678EC003EBA1E /* ComicsList.swift */ = {isa = PBXFileReference; lastKnownFileType = sourcecode.swift; path = ComicsList.swift; sourceTree = "<group>"; };
		18D6BB4024567904003EBA1E /* MapView.swift */ = {isa = PBXFileReference; lastKnownFileType = sourcecode.swift; path = MapView.swift; sourceTree = "<group>"; };
		18D6BB4324567930003EBA1E /* Coordinator.swift */ = {isa = PBXFileReference; lastKnownFileType = sourcecode.swift; path = Coordinator.swift; sourceTree = "<group>"; };
		18D6BB4624567953003EBA1E /* LocationManager.swift */ = {isa = PBXFileReference; lastKnownFileType = sourcecode.swift; path = LocationManager.swift; sourceTree = "<group>"; };
		18D6BB4D2456C59C003EBA1E /* Post.swift */ = {isa = PBXFileReference; lastKnownFileType = sourcecode.swift; path = Post.swift; sourceTree = "<group>"; };
		18D6BB4F24586B63003EBA1E /* SpecifiedUser.swift */ = {isa = PBXFileReference; lastKnownFileType = sourcecode.swift; path = SpecifiedUser.swift; sourceTree = "<group>"; };
/* End PBXFileReference section */

/* Begin PBXFrameworksBuildPhase section */
		18D6BB1424567758003EBA1E /* Frameworks */ = {
			isa = PBXFrameworksBuildPhase;
			buildActionMask = 2147483647;
			files = (
				18D6BB4A245679C7003EBA1E /* KeychainAccess in Frameworks */,
			);
			runOnlyForDeploymentPostprocessing = 0;
		};
/* End PBXFrameworksBuildPhase section */

/* Begin PBXGroup section */
		1824CA372467096B00267D5F /* Utilities */ = {
			isa = PBXGroup;
			children = (
				1824CA382467098800267D5F /* Utility.swift */,
				1824CA85246D543A00267D5F /* Constants.swift */,
			);
			path = Utilities;
			sourceTree = "<group>";
		};
		1824CA91246D912400267D5F /* Comic */ = {
			isa = PBXGroup;
			children = (
				18D6BB3E245678EC003EBA1E /* ComicsList.swift */,
				18D28EC924EF858300BDEF49 /* NearComicsList.swift */,
				1824CA98246E200900267D5F /* SpecifiedUserComicsList.swift */,
				1824CA472469A67700267D5F /* ComicInfo.swift */,
				18B6FB01245C4D59005AE556 /* ComicDetail.swift */,
				1824CA8F246D656300267D5F /* CommentInfo.swift */,
				1824CA3E2467CCE100267D5F /* CommentView.swift */,
				18D6BB4D2456C59C003EBA1E /* Post.swift */,
				18AC28B024F562FA004BA262 /* DeleteComic.swift */,
			);
			path = Comic;
			sourceTree = "<group>";
		};
		1824CA92246D916600267D5F /* User */ = {
			isa = PBXGroup;
			children = (
				18D6BB3C245678CA003EBA1E /* UsersList.swift */,
				1824CA82246D43F800267D5F /* Users.swift */,
				1848D19F2459E02800592B76 /* UserInfo.swift */,
				18D6BB4F24586B63003EBA1E /* SpecifiedUser.swift */,
				1824CA8D246D552D00267D5F /* UserView.swift */,
			);
			path = User;
			sourceTree = "<group>";
		};
		1824CA93246D918100267D5F /* Follow */ = {
			isa = PBXGroup;
			children = (
				18B6FAFD245B2A4F005AE556 /* Follow.swift */,
				1848D1A1245B207D00592B76 /* Follows.swift */,
				18B6FAFF245B390E005AE556 /* Followers.swift */,
			);
			path = Follow;
			sourceTree = "<group>";
		};
		1824CA94246D919B00267D5F /* Auth */ = {
			isa = PBXGroup;
			children = (
				18D6BB3824567892003EBA1E /* Register.swift */,
				18D6BB3A245678AE003EBA1E /* Login.swift */,
				18CDE223246F7F0400239C84 /* Logout.swift */,
			);
			path = Auth;
			sourceTree = "<group>";
		};
		1824CA95246D91AD00267D5F /* Map */ = {
			isa = PBXGroup;
			children = (
				1824CA80246D162E00267D5F /* MapLine.swift */,
				18D6BB4024567904003EBA1E /* MapView.swift */,
			);
			path = Map;
			sourceTree = "<group>";
		};
		1824CA96246D91E200267D5F /* AR */ = {
			isa = PBXGroup;
			children = (
				1824CA89246D54F100267D5F /* ARMainView.swift */,
			);
			path = AR;
			sourceTree = "<group>";
		};
		18977B9724FBB00A00F4207D /* Debug */ = {
			isa = PBXGroup;
			children = (
				1824CA87246D546E00267D5F /* DebugView.swift */,
				18977B9524FBAF9B00F4207D /* UserInformations.swift */,
				18AC28B224F564A8004BA262 /* ComicInformations.swift */,
			);
			path = Debug;
			sourceTree = "<group>";
		};
		18D6247924829D1F00176B1F /* Notification */ = {
			isa = PBXGroup;
			children = (
				1824CA8B246D551500267D5F /* NotificationsView.swift */,
			);
			path = Notification;
			sourceTree = "<group>";
		};
		18D6BB0E24567758003EBA1E = {
			isa = PBXGroup;
			children = (
				18D6BB1924567758003EBA1E /* locomi */,
				18D6BB1824567758003EBA1E /* Products */,
			);
			sourceTree = "<group>";
		};
		18D6BB1824567758003EBA1E /* Products */ = {
			isa = PBXGroup;
			children = (
				18D6BB1724567758003EBA1E /* locomi.app */,
			);
			name = Products;
			sourceTree = "<group>";
		};
		18D6BB1924567758003EBA1E /* locomi */ = {
			isa = PBXGroup;
			children = (
				1824CA372467096B00267D5F /* Utilities */,
				18D6BB452456793F003EBA1E /* Managers */,
				18D6BB4224567918003EBA1E /* Coordinators */,
				18D6BB3724567884003EBA1E /* Views */,
				18D6BB2E245677D1003EBA1E /* Models */,
				18D6BB1E24567758003EBA1E /* ContentView.swift */,
				18D6BB1A24567758003EBA1E /* AppDelegate.swift */,
				18D6BB1C24567758003EBA1E /* SceneDelegate.swift */,
				18D6BB202456775D003EBA1E /* Assets.xcassets */,
				18D6BB282456775D003EBA1E /* Info.plist */,
				18D6BB252456775D003EBA1E /* LaunchScreen.storyboard */,
				18D6BB222456775D003EBA1E /* Preview Content */,
			);
			path = locomi;
			sourceTree = "<group>";
		};
		18D6BB222456775D003EBA1E /* Preview Content */ = {
			isa = PBXGroup;
			children = (
				18D6BB232456775D003EBA1E /* Preview Assets.xcassets */,
			);
			path = "Preview Content";
			sourceTree = "<group>";
		};
		18D6BB2E245677D1003EBA1E /* Models */ = {
			isa = PBXGroup;
			children = (
				18D6BB3124567825003EBA1E /* APIRequest.swift */,
				18D6BB2F245677FA003EBA1E /* Struct.swift */,
				18D6BB3324567848003EBA1E /* KeyChain.swift */,
				18D6BB3524567875003EBA1E /* ComicAnnotation.swift */,
			);
			path = Models;
			sourceTree = "<group>";
		};
		18D6BB3724567884003EBA1E /* Views */ = {
			isa = PBXGroup;
			children = (
				18CDE221246F7C9A00239C84 /* MainView.swift */,
				18977B9724FBB00A00F4207D /* Debug */,
				1824CA94246D919B00267D5F /* Auth */,
				1824CA93246D918100267D5F /* Follow */,
				1824CA92246D916600267D5F /* User */,
				1824CA91246D912400267D5F /* Comic */,
				1824CA95246D91AD00267D5F /* Map */,
				1824CA96246D91E200267D5F /* AR */,
				18D6247924829D1F00176B1F /* Notification */,
			);
			path = Views;
			sourceTree = "<group>";
		};
		18D6BB4224567918003EBA1E /* Coordinators */ = {
			isa = PBXGroup;
			children = (
				18D6BB4324567930003EBA1E /* Coordinator.swift */,
			);
			path = Coordinators;
			sourceTree = "<group>";
		};
		18D6BB452456793F003EBA1E /* Managers */ = {
			isa = PBXGroup;
			children = (
				18D6BB4624567953003EBA1E /* LocationManager.swift */,
			);
			path = Managers;
			sourceTree = "<group>";
		};
/* End PBXGroup section */

/* Begin PBXNativeTarget section */
		18D6BB1624567758003EBA1E /* locomi */ = {
			isa = PBXNativeTarget;
			buildConfigurationList = 18D6BB2B2456775D003EBA1E /* Build configuration list for PBXNativeTarget "locomi" */;
			buildPhases = (
				18D6BB1324567758003EBA1E /* Sources */,
				18D6BB1424567758003EBA1E /* Frameworks */,
				18D6BB1524567758003EBA1E /* Resources */,
			);
			buildRules = (
			);
			dependencies = (
			);
			name = locomi;
			packageProductDependencies = (
				18D6BB49245679C7003EBA1E /* KeychainAccess */,
			);
			productName = locomi;
			productReference = 18D6BB1724567758003EBA1E /* locomi.app */;
			productType = "com.apple.product-type.application";
		};
/* End PBXNativeTarget section */

/* Begin PBXProject section */
		18D6BB0F24567758003EBA1E /* Project object */ = {
			isa = PBXProject;
			attributes = {
				LastSwiftUpdateCheck = 1130;
				LastUpgradeCheck = 1130;
				ORGANIZATIONNAME = "Sogo Nishihara";
				TargetAttributes = {
					18D6BB1624567758003EBA1E = {
						CreatedOnToolsVersion = 11.3.1;
					};
				};
			};
			buildConfigurationList = 18D6BB1224567758003EBA1E /* Build configuration list for PBXProject "locomi" */;
			compatibilityVersion = "Xcode 9.3";
			developmentRegion = en;
			hasScannedForEncodings = 0;
			knownRegions = (
				en,
				Base,
			);
			mainGroup = 18D6BB0E24567758003EBA1E;
			packageReferences = (
				18D6BB48245679C7003EBA1E /* XCRemoteSwiftPackageReference "KeychainAccess" */,
			);
			productRefGroup = 18D6BB1824567758003EBA1E /* Products */;
			projectDirPath = "";
			projectRoot = "";
			targets = (
				18D6BB1624567758003EBA1E /* locomi */,
			);
		};
/* End PBXProject section */

/* Begin PBXResourcesBuildPhase section */
		18D6BB1524567758003EBA1E /* Resources */ = {
			isa = PBXResourcesBuildPhase;
			buildActionMask = 2147483647;
			files = (
				18D6BB272456775D003EBA1E /* LaunchScreen.storyboard in Resources */,
				18D6BB242456775D003EBA1E /* Preview Assets.xcassets in Resources */,
				18D6BB212456775D003EBA1E /* Assets.xcassets in Resources */,
			);
			runOnlyForDeploymentPostprocessing = 0;
		};
/* End PBXResourcesBuildPhase section */

/* Begin PBXSourcesBuildPhase section */
		18D6BB1324567758003EBA1E /* Sources */ = {
			isa = PBXSourcesBuildPhase;
			buildActionMask = 2147483647;
			files = (
				18D6BB3624567875003EBA1E /* ComicAnnotation.swift in Sources */,
				18D6BB4124567904003EBA1E /* MapView.swift in Sources */,
				18B6FAFE245B2A4F005AE556 /* Follow.swift in Sources */,
				1848D1A2245B207D00592B76 /* Follows.swift in Sources */,
				1824CA3F2467CCE100267D5F /* CommentView.swift in Sources */,
				18AC28B324F564A8004BA262 /* ComicInformations.swift in Sources */,
				18B6FB02245C4D59005AE556 /* ComicDetail.swift in Sources */,
				18D6BB4424567930003EBA1E /* Coordinator.swift in Sources */,
				18D6BB30245677FA003EBA1E /* Struct.swift in Sources */,
				18D6BB4E2456C59C003EBA1E /* Post.swift in Sources */,
				18B6FB00245B390E005AE556 /* Followers.swift in Sources */,
				18D28ECA24EF858300BDEF49 /* NearComicsList.swift in Sources */,
				1824CA8A246D54F100267D5F /* ARMainView.swift in Sources */,
				1824CA90246D656300267D5F /* CommentInfo.swift in Sources */,
				1824CA8C246D551500267D5F /* NotificationsView.swift in Sources */,
				18CDE224246F7F0400239C84 /* Logout.swift in Sources */,
				1824CA482469A67700267D5F /* ComicInfo.swift in Sources */,
				1848D1A02459E02800592B76 /* UserInfo.swift in Sources */,
				18D6BB1B24567758003EBA1E /* AppDelegate.swift in Sources */,
				18D6BB1D24567758003EBA1E /* SceneDelegate.swift in Sources */,
				1824CA81246D162E00267D5F /* MapLine.swift in Sources */,
				18AC28B124F562FA004BA262 /* DeleteComic.swift in Sources */,
				18D6BB3D245678CA003EBA1E /* UsersList.swift in Sources */,
				18977B9624FBAF9B00F4207D /* UserInformations.swift in Sources */,
				18D6BB3224567825003EBA1E /* APIRequest.swift in Sources */,
				1824CA392467098800267D5F /* Utility.swift in Sources */,
				18D6BB5024586B63003EBA1E /* SpecifiedUser.swift in Sources */,
				18D6BB1F24567758003EBA1E /* ContentView.swift in Sources */,
				18D6BB3B245678AE003EBA1E /* Login.swift in Sources */,
				18D6BB4724567953003EBA1E /* LocationManager.swift in Sources */,
				1824CA83246D43F800267D5F /* Users.swift in Sources */,
				1824CA99246E200900267D5F /* SpecifiedUserComicsList.swift in Sources */,
				18D6BB3F245678EC003EBA1E /* ComicsList.swift in Sources */,
				18CDE222246F7C9A00239C84 /* MainView.swift in Sources */,
				1824CA88246D546E00267D5F /* DebugView.swift in Sources */,
				18D6BB3924567892003EBA1E /* Register.swift in Sources */,
				1824CA8E246D552D00267D5F /* UserView.swift in Sources */,
				18D6BB3424567848003EBA1E /* KeyChain.swift in Sources */,
				1824CA86246D543A00267D5F /* Constants.swift in Sources */,
			);
			runOnlyForDeploymentPostprocessing = 0;
		};
/* End PBXSourcesBuildPhase section */

/* Begin PBXVariantGroup section */
		18D6BB252456775D003EBA1E /* LaunchScreen.storyboard */ = {
			isa = PBXVariantGroup;
			children = (
				18D6BB262456775D003EBA1E /* Base */,
			);
			name = LaunchScreen.storyboard;
			sourceTree = "<group>";
		};
/* End PBXVariantGroup section */

/* Begin XCBuildConfiguration section */
		18D6BB292456775D003EBA1E /* Debug */ = {
			isa = XCBuildConfiguration;
			buildSettings = {
				ALWAYS_SEARCH_USER_PATHS = NO;
				CLANG_ANALYZER_NONNULL = YES;
				CLANG_ANALYZER_NUMBER_OBJECT_CONVERSION = YES_AGGRESSIVE;
				CLANG_CXX_LANGUAGE_STANDARD = "gnu++14";
				CLANG_CXX_LIBRARY = "libc++";
				CLANG_ENABLE_MODULES = YES;
				CLANG_ENABLE_OBJC_ARC = YES;
				CLANG_ENABLE_OBJC_WEAK = YES;
				CLANG_WARN_BLOCK_CAPTURE_AUTORELEASING = YES;
				CLANG_WARN_BOOL_CONVERSION = YES;
				CLANG_WARN_COMMA = YES;
				CLANG_WARN_CONSTANT_CONVERSION = YES;
				CLANG_WARN_DEPRECATED_OBJC_IMPLEMENTATIONS = YES;
				CLANG_WARN_DIRECT_OBJC_ISA_USAGE = YES_ERROR;
				CLANG_WARN_DOCUMENTATION_COMMENTS = YES;
				CLANG_WARN_EMPTY_BODY = YES;
				CLANG_WARN_ENUM_CONVERSION = YES;
				CLANG_WARN_INFINITE_RECURSION = YES;
				CLANG_WARN_INT_CONVERSION = YES;
				CLANG_WARN_NON_LITERAL_NULL_CONVERSION = YES;
				CLANG_WARN_OBJC_IMPLICIT_RETAIN_SELF = YES;
				CLANG_WARN_OBJC_LITERAL_CONVERSION = YES;
				CLANG_WARN_OBJC_ROOT_CLASS = YES_ERROR;
				CLANG_WARN_RANGE_LOOP_ANALYSIS = YES;
				CLANG_WARN_STRICT_PROTOTYPES = YES;
				CLANG_WARN_SUSPICIOUS_MOVE = YES;
				CLANG_WARN_UNGUARDED_AVAILABILITY = YES_AGGRESSIVE;
				CLANG_WARN_UNREACHABLE_CODE = YES;
				CLANG_WARN__DUPLICATE_METHOD_MATCH = YES;
				COPY_PHASE_STRIP = NO;
				DEBUG_INFORMATION_FORMAT = dwarf;
				ENABLE_STRICT_OBJC_MSGSEND = YES;
				ENABLE_TESTABILITY = YES;
				GCC_C_LANGUAGE_STANDARD = gnu11;
				GCC_DYNAMIC_NO_PIC = NO;
				GCC_NO_COMMON_BLOCKS = YES;
				GCC_OPTIMIZATION_LEVEL = 0;
				GCC_PREPROCESSOR_DEFINITIONS = (
					"DEBUG=1",
					"$(inherited)",
				);
				GCC_WARN_64_TO_32_BIT_CONVERSION = YES;
				GCC_WARN_ABOUT_RETURN_TYPE = YES_ERROR;
				GCC_WARN_UNDECLARED_SELECTOR = YES;
				GCC_WARN_UNINITIALIZED_AUTOS = YES_AGGRESSIVE;
				GCC_WARN_UNUSED_FUNCTION = YES;
				GCC_WARN_UNUSED_VARIABLE = YES;
				IPHONEOS_DEPLOYMENT_TARGET = 13.2;
				MTL_ENABLE_DEBUG_INFO = INCLUDE_SOURCE;
				MTL_FAST_MATH = YES;
				ONLY_ACTIVE_ARCH = YES;
				SDKROOT = iphoneos;
				SWIFT_ACTIVE_COMPILATION_CONDITIONS = DEBUG;
				SWIFT_OPTIMIZATION_LEVEL = "-Onone";
			};
			name = Debug;
		};
		18D6BB2A2456775D003EBA1E /* Release */ = {
			isa = XCBuildConfiguration;
			buildSettings = {
				ALWAYS_SEARCH_USER_PATHS = NO;
				CLANG_ANALYZER_NONNULL = YES;
				CLANG_ANALYZER_NUMBER_OBJECT_CONVERSION = YES_AGGRESSIVE;
				CLANG_CXX_LANGUAGE_STANDARD = "gnu++14";
				CLANG_CXX_LIBRARY = "libc++";
				CLANG_ENABLE_MODULES = YES;
				CLANG_ENABLE_OBJC_ARC = YES;
				CLANG_ENABLE_OBJC_WEAK = YES;
				CLANG_WARN_BLOCK_CAPTURE_AUTORELEASING = YES;
				CLANG_WARN_BOOL_CONVERSION = YES;
				CLANG_WARN_COMMA = YES;
				CLANG_WARN_CONSTANT_CONVERSION = YES;
				CLANG_WARN_DEPRECATED_OBJC_IMPLEMENTATIONS = YES;
				CLANG_WARN_DIRECT_OBJC_ISA_USAGE = YES_ERROR;
				CLANG_WARN_DOCUMENTATION_COMMENTS = YES;
				CLANG_WARN_EMPTY_BODY = YES;
				CLANG_WARN_ENUM_CONVERSION = YES;
				CLANG_WARN_INFINITE_RECURSION = YES;
				CLANG_WARN_INT_CONVERSION = YES;
				CLANG_WARN_NON_LITERAL_NULL_CONVERSION = YES;
				CLANG_WARN_OBJC_IMPLICIT_RETAIN_SELF = YES;
				CLANG_WARN_OBJC_LITERAL_CONVERSION = YES;
				CLANG_WARN_OBJC_ROOT_CLASS = YES_ERROR;
				CLANG_WARN_RANGE_LOOP_ANALYSIS = YES;
				CLANG_WARN_STRICT_PROTOTYPES = YES;
				CLANG_WARN_SUSPICIOUS_MOVE = YES;
				CLANG_WARN_UNGUARDED_AVAILABILITY = YES_AGGRESSIVE;
				CLANG_WARN_UNREACHABLE_CODE = YES;
				CLANG_WARN__DUPLICATE_METHOD_MATCH = YES;
				COPY_PHASE_STRIP = NO;
				DEBUG_INFORMATION_FORMAT = "dwarf-with-dsym";
				ENABLE_NS_ASSERTIONS = NO;
				ENABLE_STRICT_OBJC_MSGSEND = YES;
				GCC_C_LANGUAGE_STANDARD = gnu11;
				GCC_NO_COMMON_BLOCKS = YES;
				GCC_WARN_64_TO_32_BIT_CONVERSION = YES;
				GCC_WARN_ABOUT_RETURN_TYPE = YES_ERROR;
				GCC_WARN_UNDECLARED_SELECTOR = YES;
				GCC_WARN_UNINITIALIZED_AUTOS = YES_AGGRESSIVE;
				GCC_WARN_UNUSED_FUNCTION = YES;
				GCC_WARN_UNUSED_VARIABLE = YES;
				IPHONEOS_DEPLOYMENT_TARGET = 13.2;
				MTL_ENABLE_DEBUG_INFO = NO;
				MTL_FAST_MATH = YES;
				SDKROOT = iphoneos;
				SWIFT_COMPILATION_MODE = wholemodule;
				SWIFT_OPTIMIZATION_LEVEL = "-O";
				VALIDATE_PRODUCT = YES;
			};
			name = Release;
		};
		18D6BB2C2456775D003EBA1E /* Debug */ = {
			isa = XCBuildConfiguration;
			buildSettings = {
				ASSETCATALOG_COMPILER_APPICON_NAME = AppIcon;
				CODE_SIGN_STYLE = Automatic;
				CURRENT_PROJECT_VERSION = 1.0;
				DEVELOPMENT_ASSET_PATHS = "\"locomi/Preview Content\"";
				DEVELOPMENT_TEAM = 5F65GUXV3Q;
				ENABLE_PREVIEWS = YES;
				INFOPLIST_FILE = locomi/Info.plist;
				LD_RUNPATH_SEARCH_PATHS = (
					"$(inherited)",
					"@executable_path/Frameworks",
				);
				MARKETING_VERSION = 1.0.7;
				PRODUCT_BUNDLE_IDENTIFIER = com.sogo.locomiapp;
				PRODUCT_NAME = "$(TARGET_NAME)";
				SWIFT_VERSION = 5.0;
				TARGETED_DEVICE_FAMILY = "1,2";
			};
			name = Debug;
		};
		18D6BB2D2456775D003EBA1E /* Release */ = {
			isa = XCBuildConfiguration;
			buildSettings = {
				ASSETCATALOG_COMPILER_APPICON_NAME = AppIcon;
				CODE_SIGN_STYLE = Automatic;
				CURRENT_PROJECT_VERSION = 1.0;
				DEVELOPMENT_ASSET_PATHS = "\"locomi/Preview Content\"";
				DEVELOPMENT_TEAM = 5F65GUXV3Q;
				ENABLE_PREVIEWS = YES;
				INFOPLIST_FILE = locomi/Info.plist;
				LD_RUNPATH_SEARCH_PATHS = (
					"$(inherited)",
					"@executable_path/Frameworks",
				);
				MARKETING_VERSION = 1.0.7;
				PRODUCT_BUNDLE_IDENTIFIER = com.sogo.locomiapp;
				PRODUCT_NAME = "$(TARGET_NAME)";
				SWIFT_VERSION = 5.0;
				TARGETED_DEVICE_FAMILY = "1,2";
			};
			name = Release;
		};
/* End XCBuildConfiguration section */

/* Begin XCConfigurationList section */
		18D6BB1224567758003EBA1E /* Build configuration list for PBXProject "locomi" */ = {
			isa = XCConfigurationList;
			buildConfigurations = (
				18D6BB292456775D003EBA1E /* Debug */,
				18D6BB2A2456775D003EBA1E /* Release */,
			);
			defaultConfigurationIsVisible = 0;
			defaultConfigurationName = Release;
		};
		18D6BB2B2456775D003EBA1E /* Build configuration list for PBXNativeTarget "locomi" */ = {
			isa = XCConfigurationList;
			buildConfigurations = (
				18D6BB2C2456775D003EBA1E /* Debug */,
				18D6BB2D2456775D003EBA1E /* Release */,
			);
			defaultConfigurationIsVisible = 0;
			defaultConfigurationName = Release;
		};
/* End XCConfigurationList section */

/* Begin XCRemoteSwiftPackageReference section */
		18D6BB48245679C7003EBA1E /* XCRemoteSwiftPackageReference "KeychainAccess" */ = {
			isa = XCRemoteSwiftPackageReference;
			repositoryURL = "https://github.com/kishikawakatsumi/KeychainAccess";
			requirement = {
				kind = upToNextMajorVersion;
				minimumVersion = 4.1.0;
			};
		};
/* End XCRemoteSwiftPackageReference section */

/* Begin XCSwiftPackageProductDependency section */
		18D6BB49245679C7003EBA1E /* KeychainAccess */ = {
			isa = XCSwiftPackageProductDependency;
			package = 18D6BB48245679C7003EBA1E /* XCRemoteSwiftPackageReference "KeychainAccess" */;
			productName = KeychainAccess;
		};
/* End XCSwiftPackageProductDependency section */
	};
	rootObject = 18D6BB0F24567758003EBA1E /* Project object */;
}
